
Microsoft Visual Studio Solution File, Format Version 12.00
# Visual Studio Version 17
VisualStudioVersion = 17.8.34330.188
MinimumVisualStudioVersion = 10.0.40219.1
Project("{9A19103F-16F7-4668-BE54-9A1E7A4F7556}") = "BobsTacosBackend", "BobsTacosBackend.csproj", "{458E5F6B-F33A-4AAE-97D5-F3A602163385}"
EndProject
Global
	GlobalSection(SolutionConfigurationPlatforms) = preSolution
		Debug|Any CPU = Debug|Any CPU
		Release|Any CPU = Release|Any CPU
	EndGlobalSection
	GlobalSection(ProjectConfigurationPlatforms) = postSolution
		{458E5F6B-F33A-4AAE-97D5-F3A602163385}.Debug|Any CPU.ActiveCfg = Debug|Any CPU
		{458E5F6B-F33A-4AAE-97D5-F3A602163385}.Debug|Any CPU.Build.0 = Debug|Any CPU
		{458E5F6B-F33A-4AAE-97D5-F3A602163385}.Release|Any CPU.ActiveCfg = Release|Any CPU
		{458E5F6B-F33A-4AAE-97D5-F3A602163385}.Release|Any CPU.Build.0 = Release|Any CPU
	EndGlobalSection
	GlobalSection(SolutionProperties) = preSolution
		HideSolutionNode = FALSE
	EndGlobalSection
	GlobalSection(ExtensibilityGlobals) = postSolution
		SolutionGuid = {1911DF83-06B7-4948-90C2-DD638C7218B8}
	EndGlobalSection
EndGlobal
